<?xml version="1.0" encoding="utf-8"?>
<Project ToolsVersion="4.0" xmlns="http://schemas.microsoft.com/developer/msbuild/2003">
  <ItemGroup>
    <Filter Include="Source Files">
      <UniqueIdentifier>{4FC737F1-C7A5-4376-A066-2A32D752A2FF}</UniqueIdentifier>
      <Extensions>cpp;c;cc;cxx;def;odl;idl;hpj;bat;asm;asmx</Extensions>
    </Filter>
    <Filter Include="Header Files">
      <UniqueIdentifier>{93995380-89BD-4b04-88EB-625FBE52EBFB}</UniqueIdentifier>
      <Extensions>h;hh;hpp;hxx;hm;inl;inc;xsd</Extensions>
    </Filter>
    <Filter Include="Resource Files">
      <UniqueIdentifier>{67DA6AB6-F800-4c08-8B7A-83BB121AAD01}</UniqueIdentifier>
      <Extensions>rc;ico;cur;bmp;dlg;rc2;rct;bin;rgs;gif;jpg;jpeg;jpe;resx;tiff;tif;png;wav;mfcribbon-ms</Extensions>
    </Filter>
    <Filter Include="Source Files\client">
      <UniqueIdentifier>{b0c565e9-dc80-4f7c-8043-dab831e40459}</UniqueIdentifier>
    </Filter>
    <Filter Include="Source Files\shared">
      <UniqueIdentifier>{0aa9a288-f59e-4c06-bc1d-fab64e610050}</UniqueIdentifier>
    </Filter>
    <Filter Include="Source Files\client\gui">
      <UniqueIdentifier>{a6720f8f-f024-4cc7-9f13-1d1e50b92b42}</UniqueIdentifier>
    </Filter>
    <Filter Include="Header Files\shared">
      <UniqueIdentifier>{1cf6cf59-c621-4960-98b5-6d8831f65b85}</UniqueIdentifier>
      <Extensions>
      </Extensions>
    </Filter>
    <Filter Include="Header Files\client">
      <UniqueIdentifier>{40aae2e6-a45f-434b-a925-ec9661172644}</UniqueIdentifier>
    </Filter>
    <Filter Include="Header Files\client\gui">
      <UniqueIdentifier>{067b68d6-74c4-41c7-8c74-3e04e7fb869b}</UniqueIdentifier>
    </Filter>
  </ItemGroup>
  <ItemGroup>
    <ClCompile Include="..\src\client\main.cpp">
      <Filter>Source Files\client</Filter>
    </ClCompile>
    <ClCompile Include="..\src\client\gui\ClientApp.cpp">
      <Filter>Source Files\client\gui</Filter>
    </ClCompile>
    <ClCompile Include="..\src\client\gui\ClientFrame.cpp">
      <Filter>Source Files\client\gui</Filter>
    </ClCompile>
    <ClCompile Include="..\src\client\gui\ServerList.cpp">
      <Filter>Source Files\client\gui</Filter>
    </ClCompile>
    <ClCompile Include="..\src\client\gui\TextConsole.cpp">
      <Filter>Source Files\client\gui</Filter>
    </ClCompile>
    <ClCompile Include="..\src\shared\pch.cpp">
      <Filter>Source Files\shared</Filter>
    </ClCompile>
    <ClCompile Include="..\src\shared\protocol.cpp">
      <Filter>Source Files\shared</Filter>
    </ClCompile>
  </ItemGroup>
  <ItemGroup>
    <ClInclude Include="..\src\shared\pch.h">
      <Filter>Header Files\shared</Filter>
    </ClInclude>
    <ClInclude Include="..\src\shared\platform.h">
      <Filter>Header Files\shared</Filter>
    </ClInclude>
    <ClInclude Include="..\src\shared\tools.h">
      <Filter>Header Files\shared</Filter>
    </ClInclude>
    <ClInclude Include="..\src\client\gui\ClientApp.h">
      <Filter>Header Files\client\gui</Filter>
    </ClInclude>
    <ClInclude Include="..\src\client\gui\ClientFrame.h">
      <Filter>Header Files\client\gui</Filter>
    </ClInclude>
    <ClInclude Include="..\src\client\gui\ServerList.h">
      <Filter>Header Files\client\gui</Filter>
    </ClInclude>
    <ClInclude Include="..\src\client\gui\TextConsole.h">
      <Filter>Header Files\client\gui</Filter>
    </ClInclude>
  </ItemGroup>
</Project>